
Microsoft Visual Studio Solution File, Format Version 12.00
# Visual Studio 14
VisualStudioVersion = 14.0.25420.1
MinimumVisualStudioVersion = 10.0.40219.1
Project("{FAE04EC0-301F-11D3-BF4B-00C04F79EFBC}") = "A - Delegates", "Lab2\A - Delegates.csproj", "{9EF40604-6D08-4B18-9B2C-83317999857F}"
EndProject
Project("{FAE04EC0-301F-11D3-BF4B-00C04F79EFBC}") = "B - Events", "B - Events\B - Events.csproj", "{B70C30DB-30A2-490A-8626-ACAC35356670}"
EndProject
Global
	GlobalSection(SolutionConfigurationPlatforms) = preSolution
		Debug|Any CPU = Debug|Any CPU
		Release|Any CPU = Release|Any CPU
	EndGlobalSection
	GlobalSection(ProjectConfigurationPlatforms) = postSolution
		{9EF40604-6D08-4B18-9B2C-83317999857F}.Debug|Any CPU.ActiveCfg = Debug|Any CPU
		{9EF40604-6D08-4B18-9B2C-83317999857F}.Debug|Any CPU.Build.0 = Debug|Any CPU
		{9EF40604-6D08-4B18-9B2C-83317999857F}.Release|Any CPU.ActiveCfg = Release|Any CPU
		{9EF40604-6D08-4B18-9B2C-83317999857F}.Release|Any CPU.Build.0 = Release|Any CPU
		{B70C30DB-30A2-490A-8626-ACAC35356670}.Debug|Any CPU.ActiveCfg = Debug|Any CPU
		{B70C30DB-30A2-490A-8626-ACAC35356670}.Debug|Any CPU.Build.0 = Debug|Any CPU
		{B70C30DB-30A2-490A-8626-ACAC35356670}.Release|Any CPU.ActiveCfg = Release|Any CPU
		{B70C30DB-30A2-490A-8626-ACAC35356670}.Release|Any CPU.Build.0 = Release|Any CPU
	EndGlobalSection
	GlobalSection(SolutionProperties) = preSolution
		HideSolutionNode = FALSE
	EndGlobalSection
EndGlobal
